
Microsoft Visual Studio Solution File, Format Version 12.00
# Visual Studio Version 16
VisualStudioVersion = 16.0.32428.217
MinimumVisualStudioVersion = 10.0.40219.1
Project("{FAE04EC0-301F-11D3-BF4B-00C04F79EFBC}") = "VotingEligibility", "VotingEligibility\VotingEligibility.csproj", "{A5D5CA05-BF0B-40E4-87A9-A93B743A2F50}"
EndProject
Global
	GlobalSection(SolutionConfigurationPlatforms) = preSolution
		Debug|Any CPU = Debug|Any CPU
		Release|Any CPU = Release|Any CPU
	EndGlobalSection
	GlobalSection(ProjectConfigurationPlatforms) = postSolution
		{A5D5CA05-BF0B-40E4-87A9-A93B743A2F50}.Debug|Any CPU.ActiveCfg = Debug|Any CPU
		{A5D5CA05-BF0B-40E4-87A9-A93B743A2F50}.Debug|Any CPU.Build.0 = Debug|Any CPU
		{A5D5CA05-BF0B-40E4-87A9-A93B743A2F50}.Release|Any CPU.ActiveCfg = Release|Any CPU
		{A5D5CA05-BF0B-40E4-87A9-A93B743A2F50}.Release|Any CPU.Build.0 = Release|Any CPU
	EndGlobalSection
	GlobalSection(SolutionProperties) = preSolution
		HideSolutionNode = FALSE
	EndGlobalSection
	GlobalSection(ExtensibilityGlobals) = postSolution
		SolutionGuid = {900AB182-20AE-4827-B8DD-9B4BA5B4527B}
	EndGlobalSection
EndGlobal
