
Microsoft Visual Studio Solution File, Format Version 12.00
# Visual Studio Version 16
VisualStudioVersion = 16.0.32428.217
MinimumVisualStudioVersion = 10.0.40219.1
Project("{FAE04EC0-301F-11D3-BF4B-00C04F79EFBC}") = "MyMVCApplication", "MyMVCApplication.csproj", "{08C873DB-5A3A-492C-ADDA-8641E3532195}"
EndProject
Global
	GlobalSection(SolutionConfigurationPlatforms) = preSolution
		Debug|Any CPU = Debug|Any CPU
		Release|Any CPU = Release|Any CPU
	EndGlobalSection
	GlobalSection(ProjectConfigurationPlatforms) = postSolution
		{08C873DB-5A3A-492C-ADDA-8641E3532195}.Debug|Any CPU.ActiveCfg = Debug|Any CPU
		{08C873DB-5A3A-492C-ADDA-8641E3532195}.Debug|Any CPU.Build.0 = Debug|Any CPU
		{08C873DB-5A3A-492C-ADDA-8641E3532195}.Release|Any CPU.ActiveCfg = Release|Any CPU
		{08C873DB-5A3A-492C-ADDA-8641E3532195}.Release|Any CPU.Build.0 = Release|Any CPU
	EndGlobalSection
	GlobalSection(SolutionProperties) = preSolution
		HideSolutionNode = FALSE
	EndGlobalSection
	GlobalSection(ExtensibilityGlobals) = postSolution
		SolutionGuid = {12C1EEE6-959E-426E-9D9D-7009E6C2ACC4}
	EndGlobalSection
EndGlobal
