
Microsoft Visual Studio Solution File, Format Version 12.00
# Visual Studio Version 16
VisualStudioVersion = 16.0.32428.217
MinimumVisualStudioVersion = 10.0.40219.1
Project("{FAE04EC0-301F-11D3-BF4B-00C04F79EFBC}") = "MultiCastDelegate2", "MultiCastDelegate2\MultiCastDelegate2.csproj", "{B43EA99B-F23C-4B5E-AB94-0D74A2FB056B}"
EndProject
Global
	GlobalSection(SolutionConfigurationPlatforms) = preSolution
		Debug|Any CPU = Debug|Any CPU
		Release|Any CPU = Release|Any CPU
	EndGlobalSection
	GlobalSection(ProjectConfigurationPlatforms) = postSolution
		{B43EA99B-F23C-4B5E-AB94-0D74A2FB056B}.Debug|Any CPU.ActiveCfg = Debug|Any CPU
		{B43EA99B-F23C-4B5E-AB94-0D74A2FB056B}.Debug|Any CPU.Build.0 = Debug|Any CPU
		{B43EA99B-F23C-4B5E-AB94-0D74A2FB056B}.Release|Any CPU.ActiveCfg = Release|Any CPU
		{B43EA99B-F23C-4B5E-AB94-0D74A2FB056B}.Release|Any CPU.Build.0 = Release|Any CPU
	EndGlobalSection
	GlobalSection(SolutionProperties) = preSolution
		HideSolutionNode = FALSE
	EndGlobalSection
	GlobalSection(ExtensibilityGlobals) = postSolution
		SolutionGuid = {0FE11677-8BDF-48CF-A677-64F672A40919}
	EndGlobalSection
EndGlobal
