
Microsoft Visual Studio Solution File, Format Version 12.00
# Visual Studio Version 16
VisualStudioVersion = 16.0.32428.217
MinimumVisualStudioVersion = 10.0.40219.1
Project("{FAE04EC0-301F-11D3-BF4B-00C04F79EFBC}") = "Constructor", "Constructor\Constructor.csproj", "{0A29F632-A7FC-4525-B415-2D4658190107}"
EndProject
Global
	GlobalSection(SolutionConfigurationPlatforms) = preSolution
		Debug|Any CPU = Debug|Any CPU
		Release|Any CPU = Release|Any CPU
	EndGlobalSection
	GlobalSection(ProjectConfigurationPlatforms) = postSolution
		{0A29F632-A7FC-4525-B415-2D4658190107}.Debug|Any CPU.ActiveCfg = Debug|Any CPU
		{0A29F632-A7FC-4525-B415-2D4658190107}.Debug|Any CPU.Build.0 = Debug|Any CPU
		{0A29F632-A7FC-4525-B415-2D4658190107}.Release|Any CPU.ActiveCfg = Release|Any CPU
		{0A29F632-A7FC-4525-B415-2D4658190107}.Release|Any CPU.Build.0 = Release|Any CPU
	EndGlobalSection
	GlobalSection(SolutionProperties) = preSolution
		HideSolutionNode = FALSE
	EndGlobalSection
	GlobalSection(ExtensibilityGlobals) = postSolution
		SolutionGuid = {CCD03797-24B4-42A1-8519-8C5094713087}
	EndGlobalSection
EndGlobal
