
Microsoft Visual Studio Solution File, Format Version 12.00
# Visual Studio Version 16
VisualStudioVersion = 16.0.32428.217
MinimumVisualStudioVersion = 10.0.40219.1
Project("{FAE04EC0-301F-11D3-BF4B-00C04F79EFBC}") = "ToyManufacturingCompany", "ToyManufacturingCompany\ToyManufacturingCompany.csproj", "{F81AFE90-6D1F-4263-A0A2-C0E8306BC944}"
EndProject
Global
	GlobalSection(SolutionConfigurationPlatforms) = preSolution
		Debug|Any CPU = Debug|Any CPU
		Release|Any CPU = Release|Any CPU
	EndGlobalSection
	GlobalSection(ProjectConfigurationPlatforms) = postSolution
		{F81AFE90-6D1F-4263-A0A2-C0E8306BC944}.Debug|Any CPU.ActiveCfg = Debug|Any CPU
		{F81AFE90-6D1F-4263-A0A2-C0E8306BC944}.Debug|Any CPU.Build.0 = Debug|Any CPU
		{F81AFE90-6D1F-4263-A0A2-C0E8306BC944}.Release|Any CPU.ActiveCfg = Release|Any CPU
		{F81AFE90-6D1F-4263-A0A2-C0E8306BC944}.Release|Any CPU.Build.0 = Release|Any CPU
	EndGlobalSection
	GlobalSection(SolutionProperties) = preSolution
		HideSolutionNode = FALSE
	EndGlobalSection
	GlobalSection(ExtensibilityGlobals) = postSolution
		SolutionGuid = {98FCF062-B45E-4356-A9A8-A12E22F53B21}
	EndGlobalSection
EndGlobal
