
Microsoft Visual Studio Solution File, Format Version 12.00
# Visual Studio Version 16
VisualStudioVersion = 16.0.32428.217
MinimumVisualStudioVersion = 10.0.40219.1
Project("{FAE04EC0-301F-11D3-BF4B-00C04F79EFBC}") = "Properties", "Properties\Properties.csproj", "{71299A39-670A-41F0-A645-E6DEBFE27F5A}"
EndProject
Global
	GlobalSection(SolutionConfigurationPlatforms) = preSolution
		Debug|Any CPU = Debug|Any CPU
		Release|Any CPU = Release|Any CPU
	EndGlobalSection
	GlobalSection(ProjectConfigurationPlatforms) = postSolution
		{71299A39-670A-41F0-A645-E6DEBFE27F5A}.Debug|Any CPU.ActiveCfg = Debug|Any CPU
		{71299A39-670A-41F0-A645-E6DEBFE27F5A}.Debug|Any CPU.Build.0 = Debug|Any CPU
		{71299A39-670A-41F0-A645-E6DEBFE27F5A}.Release|Any CPU.ActiveCfg = Release|Any CPU
		{71299A39-670A-41F0-A645-E6DEBFE27F5A}.Release|Any CPU.Build.0 = Release|Any CPU
	EndGlobalSection
	GlobalSection(SolutionProperties) = preSolution
		HideSolutionNode = FALSE
	EndGlobalSection
	GlobalSection(ExtensibilityGlobals) = postSolution
		SolutionGuid = {1F0E0B37-ADAD-415B-81B3-E1FA31BD47FC}
	EndGlobalSection
EndGlobal
