
Microsoft Visual Studio Solution File, Format Version 12.00
# Visual Studio Version 16
VisualStudioVersion = 16.0.32428.217
MinimumVisualStudioVersion = 10.0.40219.1
Project("{FAE04EC0-301F-11D3-BF4B-00C04F79EFBC}") = "StudentList", "StudentList\StudentList.csproj", "{B7BE50A5-8CB4-4D75-A862-05E27F42AB8A}"
EndProject
Global
	GlobalSection(SolutionConfigurationPlatforms) = preSolution
		Debug|Any CPU = Debug|Any CPU
		Release|Any CPU = Release|Any CPU
	EndGlobalSection
	GlobalSection(ProjectConfigurationPlatforms) = postSolution
		{B7BE50A5-8CB4-4D75-A862-05E27F42AB8A}.Debug|Any CPU.ActiveCfg = Debug|Any CPU
		{B7BE50A5-8CB4-4D75-A862-05E27F42AB8A}.Debug|Any CPU.Build.0 = Debug|Any CPU
		{B7BE50A5-8CB4-4D75-A862-05E27F42AB8A}.Release|Any CPU.ActiveCfg = Release|Any CPU
		{B7BE50A5-8CB4-4D75-A862-05E27F42AB8A}.Release|Any CPU.Build.0 = Release|Any CPU
	EndGlobalSection
	GlobalSection(SolutionProperties) = preSolution
		HideSolutionNode = FALSE
	EndGlobalSection
	GlobalSection(ExtensibilityGlobals) = postSolution
		SolutionGuid = {0ED703ED-4E6F-4295-950A-1BB437D26617}
	EndGlobalSection
EndGlobal
