
Microsoft Visual Studio Solution File, Format Version 12.00
# Visual Studio Version 16
VisualStudioVersion = 16.0.32428.217
MinimumVisualStudioVersion = 10.0.40219.1
Project("{FAE04EC0-301F-11D3-BF4B-00C04F79EFBC}") = "CustomMiddleware", "CustomMiddleware\CustomMiddleware.csproj", "{AD839849-C380-4F4C-B934-3E6B685015B1}"
EndProject
Global
	GlobalSection(SolutionConfigurationPlatforms) = preSolution
		Debug|Any CPU = Debug|Any CPU
		Release|Any CPU = Release|Any CPU
	EndGlobalSection
	GlobalSection(ProjectConfigurationPlatforms) = postSolution
		{AD839849-C380-4F4C-B934-3E6B685015B1}.Debug|Any CPU.ActiveCfg = Debug|Any CPU
		{AD839849-C380-4F4C-B934-3E6B685015B1}.Debug|Any CPU.Build.0 = Debug|Any CPU
		{AD839849-C380-4F4C-B934-3E6B685015B1}.Release|Any CPU.ActiveCfg = Release|Any CPU
		{AD839849-C380-4F4C-B934-3E6B685015B1}.Release|Any CPU.Build.0 = Release|Any CPU
	EndGlobalSection
	GlobalSection(SolutionProperties) = preSolution
		HideSolutionNode = FALSE
	EndGlobalSection
	GlobalSection(ExtensibilityGlobals) = postSolution
		SolutionGuid = {9933489A-4C0C-4FEB-964C-621BDDC1673B}
	EndGlobalSection
EndGlobal
